{
  "name": "tree-sitter-qmljs",
  "version": "0.1.2",
  "lockfileVersion": 3,
  "requires": true,
  "packages": {
    "": {
      "name": "tree-sitter-qmljs",
      "version": "0.1.2",
      "license": "MIT",
      "dependencies": {
        "nan": "^2.15.0"
      },
      "devDependencies": {
        "tree-sitter-cli": "^0.21.0",
        "tree-sitter-javascript": "^0.21.2",
        "tree-sitter-typescript": "^0.21.1"
      }
    },
    "node_modules/nan": {
      "version": "2.19.0",
      "resolved": "https://registry.npmjs.org/nan/-/nan-2.19.0.tgz",
      "integrity": "sha512-nO1xXxfh/RWNxfd/XPfbIfFk5vgLsAxUR9y5O0cHMJu/AW9U95JLXqthYHjEp+8gQ5p96K9jUp8nbVOxCdRbtw=="
    },
    "node_modules/node-addon-api": {
      "version": "8.0.0",
      "resolved": "https://registry.npmjs.org/node-addon-api/-/node-addon-api-8.0.0.tgz",
      "integrity": "sha512-ipO7rsHEBqa9STO5C5T10fj732ml+5kLN1cAG8/jdHd56ldQeGj3Q7+scUS+VHK/qy1zLEwC4wMK5+yM0btPvw==",
      "dev": true,
      "engines": {
        "node": "^18 || ^20 || >= 21"
      }
    },
    "node_modules/node-gyp-build": {
      "version": "4.8.1",
      "resolved": "https://registry.npmjs.org/node-gyp-build/-/node-gyp-build-4.8.1.tgz",
      "integrity": "sha512-OSs33Z9yWr148JZcbZd5WiAXhh/n9z8TxQcdMhIOlpN9AhWpLfvVFO73+m77bBABQMaY9XSvIa+qk0jlI7Gcaw==",
      "dev": true,
      "bin": {
        "node-gyp-build": "bin.js",
        "node-gyp-build-optional": "optional.js",
        "node-gyp-build-test": "build-test.js"
      }
    },
    "node_modules/tree-sitter": {
      "version": "0.21.1",
      "resolved": "https://registry.npmjs.org/tree-sitter/-/tree-sitter-0.21.1.tgz",
      "integrity": "sha512-7dxoA6kYvtgWw80265MyqJlkRl4yawIjO7S5MigytjELkX43fV2WsAXzsNfO7sBpPPCF5Gp0+XzHk0DwLCq3xQ==",
      "dev": true,
      "hasInstallScript": true,
      "peer": true,
      "dependencies": {
        "node-addon-api": "^8.0.0",
        "node-gyp-build": "^4.8.0"
      }
    },
    "node_modules/tree-sitter-cli": {
      "version": "0.21.0",
      "resolved": "https://registry.npmjs.org/tree-sitter-cli/-/tree-sitter-cli-0.21.0.tgz",
      "integrity": "sha512-wA7wT5724fNQW82XDH6zT6ZcYonjrAKLCHHuhLsPcAKULrhp3rNuMvlgBdB5FUBvmjHNhtTZF/qpHenMoRJPBw==",
      "dev": true,
      "hasInstallScript": true,
      "bin": {
        "tree-sitter": "cli.js"
      }
    },
    "node_modules/tree-sitter-javascript": {
      "version": "0.21.2",
      "resolved": "https://registry.npmjs.org/tree-sitter-javascript/-/tree-sitter-javascript-0.21.2.tgz",
      "integrity": "sha512-048eZTByvBaYo9cKM1dixlRqJjFug0ukt8+H07+JGxrlqCzzR8BpOieYHWHRwqvnt3TTzLLWWuT5kn5UwJ55wg==",
      "dev": true,
      "hasInstallScript": true,
      "dependencies": {
        "node-addon-api": "^8.0.0",
        "node-gyp-build": "^4.8.1"
      },
      "peerDependencies": {
        "tree-sitter": "^0.21.1"
      },
      "peerDependenciesMeta": {
        "tree_sitter": {
          "optional": true
        }
      }
    },
    "node_modules/tree-sitter-typescript": {
      "version": "0.21.1",
      "resolved": "https://registry.npmjs.org/tree-sitter-typescript/-/tree-sitter-typescript-0.21.1.tgz",
      "integrity": "sha512-emQMXz1CpVSkMUq1NEMrbJkUUdKyGrnIl++Mt4LjEeq7ttpOdotb4a2A6zSMs39ppVebFhpTlbSrAMDSEWEEjw==",
      "dev": true,
      "hasInstallScript": true,
      "dependencies": {
        "node-addon-api": "^8.0.0",
        "node-gyp-build": "^4.8.1"
      },
      "peerDependencies": {
        "tree-sitter": "^0.21.0"
      },
      "peerDependenciesMeta": {
        "tree_sitter": {
          "optional": true
        }
      }
    }
  }
}
